
Microsoft Visual Studio Solution File, Format Version 12.00
# Visual Studio Version 16
VisualStudioVersion = 16.0.31702.278
MinimumVisualStudioVersion = 10.0.40219.1
Project("{FAE04EC0-301F-11D3-BF4B-00C04F79EFBC}") = "CanlasXamarinEssentials.Android", "CanlasXamarinEssentials\CanlasXamarinEssentials.Android\CanlasXamarinEssentials.Android.csproj", "{A8AEAEEF-8AEA-411B-B083-5FE5BB8FB431}"
EndProject
Project("{FAE04EC0-301F-11D3-BF4B-00C04F79EFBC}") = "CanlasXamarinEssentials", "CanlasXamarinEssentials\CanlasXamarinEssentials\CanlasXamarinEssentials.csproj", "{F637BA50-BBB1-4C55-B122-18DA388EB027}"
EndProject
Global
	GlobalSection(SolutionConfigurationPlatforms) = preSolution
		Debug|Any CPU = Debug|Any CPU
		Release|Any CPU = Release|Any CPU
	EndGlobalSection
	GlobalSection(ProjectConfigurationPlatforms) = postSolution
		{A8AEAEEF-8AEA-411B-B083-5FE5BB8FB431}.Debug|Any CPU.ActiveCfg = Debug|Any CPU
		{A8AEAEEF-8AEA-411B-B083-5FE5BB8FB431}.Debug|Any CPU.Build.0 = Debug|Any CPU
		{A8AEAEEF-8AEA-411B-B083-5FE5BB8FB431}.Debug|Any CPU.Deploy.0 = Debug|Any CPU
		{A8AEAEEF-8AEA-411B-B083-5FE5BB8FB431}.Release|Any CPU.ActiveCfg = Release|Any CPU
		{A8AEAEEF-8AEA-411B-B083-5FE5BB8FB431}.Release|Any CPU.Build.0 = Release|Any CPU
		{A8AEAEEF-8AEA-411B-B083-5FE5BB8FB431}.Release|Any CPU.Deploy.0 = Release|Any CPU
		{F637BA50-BBB1-4C55-B122-18DA388EB027}.Debug|Any CPU.ActiveCfg = Debug|Any CPU
		{F637BA50-BBB1-4C55-B122-18DA388EB027}.Debug|Any CPU.Build.0 = Debug|Any CPU
		{F637BA50-BBB1-4C55-B122-18DA388EB027}.Debug|Any CPU.Deploy.0 = Debug|Any CPU
		{F637BA50-BBB1-4C55-B122-18DA388EB027}.Release|Any CPU.ActiveCfg = Release|Any CPU
		{F637BA50-BBB1-4C55-B122-18DA388EB027}.Release|Any CPU.Build.0 = Release|Any CPU
		{F637BA50-BBB1-4C55-B122-18DA388EB027}.Release|Any CPU.Deploy.0 = Release|Any CPU
	EndGlobalSection
	GlobalSection(SolutionProperties) = preSolution
		HideSolutionNode = FALSE
	EndGlobalSection
	GlobalSection(ExtensibilityGlobals) = postSolution
		SolutionGuid = {5442001D-FC4B-476B-9153-5C96FF25967D}
	EndGlobalSection
EndGlobal
